{
  "lockfileVersion": 1,
  "configVersion": 0,
  "workspaces": {
    "": {
      "name": "process-responses",
      "dependencies": {
        "jsdom": "^26.0.0",
      },
      "devDependencies": {
        "@biomejs/biome": "^1.9.4",
        "@cubing/deploy": "^0.1.4",
        "@types/bun": "^1.1.12",
        "barely-a-dev-server": "v0.7.1",
        "csv-parse": "^5.5.6",
        "cubing": ">=0.61.1",
        "esbuild": "0.25.0",
        "serve": "^14.2.4",
        "typescript": "^5.6.3",
      },
    },
  },
  "packages": {
    "@asamuzakjp/css-color": ["@asamuzakjp/css-color@2.8.3", "", { "dependencies": { "@csstools/css-calc": "^2.1.1", "@csstools/css-color-parser": "^3.0.7", "@csstools/css-parser-algorithms": "^3.0.4", "@csstools/css-tokenizer": "^3.0.3", "lru-cache": "^10.4.3" } }, "sha512-GIc76d9UI1hCvOATjZPyHFmE5qhRccp3/zGfMPapK3jBi+yocEzp6BBB0UnfRYP9NP4FANqUZYb0hnfs3TM3hw=="],

    "@biomejs/biome": ["@biomejs/biome@1.9.4", "", { "optionalDependencies": { "@biomejs/cli-darwin-arm64": "1.9.4", "@biomejs/cli-darwin-x64": "1.9.4", "@biomejs/cli-linux-arm64": "1.9.4", "@biomejs/cli-linux-arm64-musl": "1.9.4", "@biomejs/cli-linux-x64": "1.9.4", "@biomejs/cli-linux-x64-musl": "1.9.4", "@biomejs/cli-win32-arm64": "1.9.4", "@biomejs/cli-win32-x64": "1.9.4" }, "bin": { "biome": "bin/biome" } }, "sha512-1rkd7G70+o9KkTn5KLmDYXihGoTaIGO9PIIN2ZB7UJxFrWw04CZHPYiMRjYsaDvVV7hP1dYNRLxSANLaBFGpog=="],

    "@biomejs/cli-darwin-arm64": ["@biomejs/cli-darwin-arm64@1.9.4", "", { "os": "darwin", "cpu": "arm64" }, "sha512-bFBsPWrNvkdKrNCYeAp+xo2HecOGPAy9WyNyB/jKnnedgzl4W4Hb9ZMzYNbf8dMCGmUdSavlYHiR01QaYR58cw=="],

    "@biomejs/cli-darwin-x64": ["@biomejs/cli-darwin-x64@1.9.4", "", { "os": "darwin", "cpu": "x64" }, "sha512-ngYBh/+bEedqkSevPVhLP4QfVPCpb+4BBe2p7Xs32dBgs7rh9nY2AIYUL6BgLw1JVXV8GlpKmb/hNiuIxfPfZg=="],

    "@biomejs/cli-linux-arm64": ["@biomejs/cli-linux-arm64@1.9.4", "", { "os": "linux", "cpu": "arm64" }, "sha512-fJIW0+LYujdjUgJJuwesP4EjIBl/N/TcOX3IvIHJQNsAqvV2CHIogsmA94BPG6jZATS4Hi+xv4SkBBQSt1N4/g=="],

    "@biomejs/cli-linux-arm64-musl": ["@biomejs/cli-linux-arm64-musl@1.9.4", "", { "os": "linux", "cpu": "arm64" }, "sha512-v665Ct9WCRjGa8+kTr0CzApU0+XXtRgwmzIf1SeKSGAv+2scAlW6JR5PMFo6FzqqZ64Po79cKODKf3/AAmECqA=="],

    "@biomejs/cli-linux-x64": ["@biomejs/cli-linux-x64@1.9.4", "", { "os": "linux", "cpu": "x64" }, "sha512-lRCJv/Vi3Vlwmbd6K+oQ0KhLHMAysN8lXoCI7XeHlxaajk06u7G+UsFSO01NAs5iYuWKmVZjmiOzJ0OJmGsMwg=="],

    "@biomejs/cli-linux-x64-musl": ["@biomejs/cli-linux-x64-musl@1.9.4", "", { "os": "linux", "cpu": "x64" }, "sha512-gEhi/jSBhZ2m6wjV530Yy8+fNqG8PAinM3oV7CyO+6c3CEh16Eizm21uHVsyVBEB6RIM8JHIl6AGYCv6Q6Q9Tg=="],

    "@biomejs/cli-win32-arm64": ["@biomejs/cli-win32-arm64@1.9.4", "", { "os": "win32", "cpu": "arm64" }, "sha512-tlbhLk+WXZmgwoIKwHIHEBZUwxml7bRJgk0X2sPyNR3S93cdRq6XulAZRQJ17FYGGzWne0fgrXBKpl7l4M87Hg=="],

    "@biomejs/cli-win32-x64": ["@biomejs/cli-win32-x64@1.9.4", "", { "os": "win32", "cpu": "x64" }, "sha512-8Y5wMhVIPaWe6jw2H+KlEm4wP/f7EW3810ZLmDlrEEy5KvBsb9ECEfu/kMWD484ijfQ8+nIi0giMgu9g1UAuuA=="],

    "@csstools/color-helpers": ["@csstools/color-helpers@5.0.1", "", {}, "sha512-MKtmkA0BX87PKaO1NFRTFH+UnkgnmySQOvNxJubsadusqPEC2aJ9MOQiMceZJJ6oitUl/i0L6u0M1IrmAOmgBA=="],

    "@csstools/css-calc": ["@csstools/css-calc@2.1.1", "", { "peerDependencies": { "@csstools/css-parser-algorithms": "^3.0.4", "@csstools/css-tokenizer": "^3.0.3" } }, "sha512-rL7kaUnTkL9K+Cvo2pnCieqNpTKgQzy5f+N+5Iuko9HAoasP+xgprVh7KN/MaJVvVL1l0EzQq2MoqBHKSrDrag=="],

    "@csstools/css-color-parser": ["@csstools/css-color-parser@3.0.7", "", { "dependencies": { "@csstools/color-helpers": "^5.0.1", "@csstools/css-calc": "^2.1.1" }, "peerDependencies": { "@csstools/css-parser-algorithms": "^3.0.4", "@csstools/css-tokenizer": "^3.0.3" } }, "sha512-nkMp2mTICw32uE5NN+EsJ4f5N+IGFeCFu4bGpiKgb2Pq/7J/MpyLBeQ5ry4KKtRFZaYs6sTmcMYrSRIyj5DFKA=="],

    "@csstools/css-parser-algorithms": ["@csstools/css-parser-algorithms@3.0.4", "", { "peerDependencies": { "@csstools/css-tokenizer": "^3.0.3" } }, "sha512-Up7rBoV77rv29d3uKHUIVubz1BTcgyUK72IvCQAbfbMv584xHcGKCKbWh7i8hPrRJ7qU4Y8IO3IY9m+iTB7P3A=="],

    "@csstools/css-tokenizer": ["@csstools/css-tokenizer@3.0.3", "", {}, "sha512-UJnjoFsmxfKUdNYdWgOB0mWUypuLvAfQPH1+pyvRJs6euowbFkFC6P13w1l8mJyi3vxYMxc9kld5jZEGRQs6bw=="],

    "@cubing/deploy": ["@cubing/deploy@0.1.4", "", { "bin": { "deploy": "src/main.ts" } }, "sha512-OLNX04sZQCFoZ0naAfWykUWD93RtZDD2Y7fQe19+U0JpmXmCdiI/yup9ejO1ztU+W97kuvKiyScAn9YDt9SI3g=="],

    "@esbuild/aix-ppc64": ["@esbuild/aix-ppc64@0.25.0", "", { "os": "aix", "cpu": "ppc64" }, "sha512-O7vun9Sf8DFjH2UtqK8Ku3LkquL9SZL8OLY1T5NZkA34+wG3OQF7cl4Ql8vdNzM6fzBbYfLaiRLIOZ+2FOCgBQ=="],

    "@esbuild/android-arm": ["@esbuild/android-arm@0.25.0", "", { "os": "android", "cpu": "arm" }, "sha512-PTyWCYYiU0+1eJKmw21lWtC+d08JDZPQ5g+kFyxP0V+es6VPPSUhM6zk8iImp2jbV6GwjX4pap0JFbUQN65X1g=="],

    "@esbuild/android-arm64": ["@esbuild/android-arm64@0.25.0", "", { "os": "android", "cpu": "arm64" }, "sha512-grvv8WncGjDSyUBjN9yHXNt+cq0snxXbDxy5pJtzMKGmmpPxeAmAhWxXI+01lU5rwZomDgD3kJwulEnhTRUd6g=="],

    "@esbuild/android-x64": ["@esbuild/android-x64@0.25.0", "", { "os": "android", "cpu": "x64" }, "sha512-m/ix7SfKG5buCnxasr52+LI78SQ+wgdENi9CqyCXwjVR2X4Jkz+BpC3le3AoBPYTC9NHklwngVXvbJ9/Akhrfg=="],

    "@esbuild/darwin-arm64": ["@esbuild/darwin-arm64@0.25.0", "", { "os": "darwin", "cpu": "arm64" }, "sha512-mVwdUb5SRkPayVadIOI78K7aAnPamoeFR2bT5nszFUZ9P8UpK4ratOdYbZZXYSqPKMHfS1wdHCJk1P1EZpRdvw=="],

    "@esbuild/darwin-x64": ["@esbuild/darwin-x64@0.25.0", "", { "os": "darwin", "cpu": "x64" }, "sha512-DgDaYsPWFTS4S3nWpFcMn/33ZZwAAeAFKNHNa1QN0rI4pUjgqf0f7ONmXf6d22tqTY+H9FNdgeaAa+YIFUn2Rg=="],

    "@esbuild/freebsd-arm64": ["@esbuild/freebsd-arm64@0.25.0", "", { "os": "freebsd", "cpu": "arm64" }, "sha512-VN4ocxy6dxefN1MepBx/iD1dH5K8qNtNe227I0mnTRjry8tj5MRk4zprLEdG8WPyAPb93/e4pSgi1SoHdgOa4w=="],

    "@esbuild/freebsd-x64": ["@esbuild/freebsd-x64@0.25.0", "", { "os": "freebsd", "cpu": "x64" }, "sha512-mrSgt7lCh07FY+hDD1TxiTyIHyttn6vnjesnPoVDNmDfOmggTLXRv8Id5fNZey1gl/V2dyVK1VXXqVsQIiAk+A=="],

    "@esbuild/linux-arm": ["@esbuild/linux-arm@0.25.0", "", { "os": "linux", "cpu": "arm" }, "sha512-vkB3IYj2IDo3g9xX7HqhPYxVkNQe8qTK55fraQyTzTX/fxaDtXiEnavv9geOsonh2Fd2RMB+i5cbhu2zMNWJwg=="],

    "@esbuild/linux-arm64": ["@esbuild/linux-arm64@0.25.0", "", { "os": "linux", "cpu": "arm64" }, "sha512-9QAQjTWNDM/Vk2bgBl17yWuZxZNQIF0OUUuPZRKoDtqF2k4EtYbpyiG5/Dk7nqeK6kIJWPYldkOcBqjXjrUlmg=="],

    "@esbuild/linux-ia32": ["@esbuild/linux-ia32@0.25.0", "", { "os": "linux", "cpu": "ia32" }, "sha512-43ET5bHbphBegyeqLb7I1eYn2P/JYGNmzzdidq/w0T8E2SsYL1U6un2NFROFRg1JZLTzdCoRomg8Rvf9M6W6Gg=="],

    "@esbuild/linux-loong64": ["@esbuild/linux-loong64@0.25.0", "", { "os": "linux", "cpu": "none" }, "sha512-fC95c/xyNFueMhClxJmeRIj2yrSMdDfmqJnyOY4ZqsALkDrrKJfIg5NTMSzVBr5YW1jf+l7/cndBfP3MSDpoHw=="],

    "@esbuild/linux-mips64el": ["@esbuild/linux-mips64el@0.25.0", "", { "os": "linux", "cpu": "none" }, "sha512-nkAMFju7KDW73T1DdH7glcyIptm95a7Le8irTQNO/qtkoyypZAnjchQgooFUDQhNAy4iu08N79W4T4pMBwhPwQ=="],

    "@esbuild/linux-ppc64": ["@esbuild/linux-ppc64@0.25.0", "", { "os": "linux", "cpu": "ppc64" }, "sha512-NhyOejdhRGS8Iwv+KKR2zTq2PpysF9XqY+Zk77vQHqNbo/PwZCzB5/h7VGuREZm1fixhs4Q/qWRSi5zmAiO4Fw=="],

    "@esbuild/linux-riscv64": ["@esbuild/linux-riscv64@0.25.0", "", { "os": "linux", "cpu": "none" }, "sha512-5S/rbP5OY+GHLC5qXp1y/Mx//e92L1YDqkiBbO9TQOvuFXM+iDqUNG5XopAnXoRH3FjIUDkeGcY1cgNvnXp/kA=="],

    "@esbuild/linux-s390x": ["@esbuild/linux-s390x@0.25.0", "", { "os": "linux", "cpu": "s390x" }, "sha512-XM2BFsEBz0Fw37V0zU4CXfcfuACMrppsMFKdYY2WuTS3yi8O1nFOhil/xhKTmE1nPmVyvQJjJivgDT+xh8pXJA=="],

    "@esbuild/linux-x64": ["@esbuild/linux-x64@0.25.0", "", { "os": "linux", "cpu": "x64" }, "sha512-9yl91rHw/cpwMCNytUDxwj2XjFpxML0y9HAOH9pNVQDpQrBxHy01Dx+vaMu0N1CKa/RzBD2hB4u//nfc+Sd3Cw=="],

    "@esbuild/netbsd-arm64": ["@esbuild/netbsd-arm64@0.25.0", "", { "os": "none", "cpu": "arm64" }, "sha512-RuG4PSMPFfrkH6UwCAqBzauBWTygTvb1nxWasEJooGSJ/NwRw7b2HOwyRTQIU97Hq37l3npXoZGYMy3b3xYvPw=="],

    "@esbuild/netbsd-x64": ["@esbuild/netbsd-x64@0.25.0", "", { "os": "none", "cpu": "x64" }, "sha512-jl+qisSB5jk01N5f7sPCsBENCOlPiS/xptD5yxOx2oqQfyourJwIKLRA2yqWdifj3owQZCL2sn6o08dBzZGQzA=="],

    "@esbuild/openbsd-arm64": ["@esbuild/openbsd-arm64@0.25.0", "", { "os": "openbsd", "cpu": "arm64" }, "sha512-21sUNbq2r84YE+SJDfaQRvdgznTD8Xc0oc3p3iW/a1EVWeNj/SdUCbm5U0itZPQYRuRTW20fPMWMpcrciH2EJw=="],

    "@esbuild/openbsd-x64": ["@esbuild/openbsd-x64@0.25.0", "", { "os": "openbsd", "cpu": "x64" }, "sha512-2gwwriSMPcCFRlPlKx3zLQhfN/2WjJ2NSlg5TKLQOJdV0mSxIcYNTMhk3H3ulL/cak+Xj0lY1Ym9ysDV1igceg=="],

    "@esbuild/sunos-x64": ["@esbuild/sunos-x64@0.25.0", "", { "os": "sunos", "cpu": "x64" }, "sha512-bxI7ThgLzPrPz484/S9jLlvUAHYMzy6I0XiU1ZMeAEOBcS0VePBFxh1JjTQt3Xiat5b6Oh4x7UC7IwKQKIJRIg=="],

    "@esbuild/win32-arm64": ["@esbuild/win32-arm64@0.25.0", "", { "os": "win32", "cpu": "arm64" }, "sha512-ZUAc2YK6JW89xTbXvftxdnYy3m4iHIkDtK3CLce8wg8M2L+YZhIvO1DKpxrd0Yr59AeNNkTiic9YLf6FTtXWMw=="],

    "@esbuild/win32-ia32": ["@esbuild/win32-ia32@0.25.0", "", { "os": "win32", "cpu": "ia32" }, "sha512-eSNxISBu8XweVEWG31/JzjkIGbGIJN/TrRoiSVZwZ6pkC6VX4Im/WV2cz559/TXLcYbcrDN8JtKgd9DJVIo8GA=="],

    "@esbuild/win32-x64": ["@esbuild/win32-x64@0.25.0", "", { "os": "win32", "cpu": "x64" }, "sha512-ZENoHJBxA20C2zFzh6AI4fT6RraMzjYw4xKWemRTRmRVtN9c5DcH9r/f2ihEkMjOW5eGgrwCslG/+Y/3bL+DHQ=="],

    "@optique/core": ["@optique/core@0.9.0-dev.187", "", {}, "sha512-wBTFbWaESwRTjF+429xzFueIBcsJ/xaD66pSwhJaIo1f7vljRfXa51R0H+EyY2tkNeFsM68YFcPPXw8TLtRuZw=="],

    "@optique/run": ["@optique/run@0.9.0-dev.187", "", { "dependencies": { "@optique/core": "0.9.0-dev.187+992128e2" } }, "sha512-JBV2icMvuoc/3W6/LxcGyRv93PCvLW0KsRtKXGz4xcEMgD08hPMuKM+xBQR4+waHUjq9cofyqst854lFx4ud5A=="],

    "@tweenjs/tween.js": ["@tweenjs/tween.js@23.1.3", "", {}, "sha512-vJmvvwFxYuGnF2axRtPYocag6Clbb5YS7kLL+SO/TeVFzHqDIWrNKYtcsPMibjDx9O+bu+psAy9NKfWklassUA=="],

    "@types/bun": ["@types/bun@1.1.12", "", { "dependencies": { "bun-types": "1.1.32" } }, "sha512-UkewJesRDP3+AW30Gc8hvxuIt+vHgYZXmVOKaXV8xnwAnMXTAs3XZDsa/jW+LSdAYhHslokSm72lq63FYYjZqA=="],

    "@types/node": ["@types/node@20.12.14", "", { "dependencies": { "undici-types": "~5.26.4" } }, "sha512-scnD59RpYD91xngrQQLGkE+6UrHUPzeKZWhhjBSa3HSkwjbQc38+q3RoIVEwxQGRw3M+j5hpNAM+lgV3cVormg=="],

    "@types/stats.js": ["@types/stats.js@0.17.3", "", {}, "sha512-pXNfAD3KHOdif9EQXZ9deK82HVNaXP5ZIF5RP2QG6OQFNTaY2YIetfrE9t528vEreGQvEPRDDc8muaoYeK0SxQ=="],

    "@types/three": ["@types/three@0.169.0", "", { "dependencies": { "@tweenjs/tween.js": "~23.1.3", "@types/stats.js": "*", "@types/webxr": "*", "@webgpu/types": "*", "fflate": "~0.8.2", "meshoptimizer": "~0.18.1" } }, "sha512-oan7qCgJBt03wIaK+4xPWclYRPG9wzcg7Z2f5T8xYTNEF95kh0t0lklxLLYBDo7gQiGLYzE6iF4ta7nXF2bcsw=="],

    "@types/web-bluetooth": ["@types/web-bluetooth@0.0.20", "", {}, "sha512-g9gZnnXVq7gM7v3tJCWV/qw7w+KeOlSHAhgF9RytFyifW6AF61hdT2ucrYhPq9hLs5JIryeupHV3qGk95dH9ow=="],

    "@types/webxr": ["@types/webxr@0.5.20", "", {}, "sha512-JGpU6qiIJQKUuVSKx1GtQnHJGxRjtfGIhzO2ilq43VZZS//f1h1Sgexbdk+Lq+7569a6EYhOWrUpIruR/1Enmg=="],

    "@types/ws": ["@types/ws@8.5.12", "", { "dependencies": { "@types/node": "*" } }, "sha512-3tPRkv1EtkDpzlgyKyI8pGsGZAGPEaXeu0DOj5DI25Ja91bdAYddYHbADRYVrZMRbfW+1l5YwXVDKohDJNQxkQ=="],

    "@webgpu/types": ["@webgpu/types@0.1.49", "", {}, "sha512-NMmS8/DofhH/IFeW+876XrHVWel+J/vdcFCHLDqeJgkH9x0DeiwjVd8LcBdaxdG/T7Rf8VUAYsA8X1efMzLjRQ=="],

    "@zeit/schemas": ["@zeit/schemas@2.36.0", "", {}, "sha512-7kjMwcChYEzMKjeex9ZFXkt1AyNov9R5HZtjBKVsmVpw7pa7ZtlCGvCBC2vnnXctaYN+aRI61HjIqeetZW5ROg=="],

    "accepts": ["accepts@1.3.8", "", { "dependencies": { "mime-types": "~2.1.34", "negotiator": "0.6.3" } }, "sha512-PYAthTa2m2VKxuvSD3DPC/Gy+U+sOA1LAuT8mkmRuvw+NACSaeXEQ+NHcVF7rONl6qcaxV3Uuemwawk+7+SJLw=="],

    "agent-base": ["agent-base@7.1.3", "", {}, "sha512-jRR5wdylq8CkOe6hei19GGZnxM6rBGwFl3Bg0YItGDimvjGtAvdZk4Pu6Cl4u4Igsws4a1fd1Vq3ezrhn4KmFw=="],

    "ajv": ["ajv@8.12.0", "", { "dependencies": { "fast-deep-equal": "^3.1.1", "json-schema-traverse": "^1.0.0", "require-from-string": "^2.0.2", "uri-js": "^4.2.2" } }, "sha512-sRu1kpcO9yLtYxBKvqfTeh9KzZEwO3STyX1HT+4CaDzC6HpTGYhIhPIzj9XuKU7KYDwnaeh5hcOwjy1QuJzBPA=="],

    "ansi-align": ["ansi-align@3.0.1", "", { "dependencies": { "string-width": "^4.1.0" } }, "sha512-IOfwwBF5iczOjp/WeY4YxyjqAFMQoZufdQWDd19SEExbVLNXqvpzSJ/M7Za4/sCPmQ0+GRquoA7bGcINcxew6w=="],

    "ansi-regex": ["ansi-regex@6.1.0", "", {}, "sha512-7HSX4QQb4CspciLpVFwyRe79O3xsIZDDLER21kERQ71oaPodF8jL725AgJMFAYbooIqolJoRLuM81SpeUkpkvA=="],

    "ansi-styles": ["ansi-styles@6.2.1", "", {}, "sha512-bN798gFfQX+viw3R7yrGWRqnrN2oRkEkUjjl4JNn4E8GxxbjtG3FbrEIIY3l8/hrwUwIeCZvi4QuOTP4MErVug=="],

    "arch": ["arch@2.2.0", "", {}, "sha512-Of/R0wqp83cgHozfIYLbBMnej79U/SVGOOyuB3VVFv1NRM/PSFMK12x9KVtiYzJqmnU5WR2qp0Z5rHb7sWGnFQ=="],

    "arg": ["arg@5.0.2", "", {}, "sha512-PYjyFOLKQ9y57JvQ6QLo8dAgNqswh8M1RMJYdQduT6xbWSgK36P/Z/v+p888pM69jMMfS8Xd8F6I1kQ/I9HUGg=="],

    "asynckit": ["asynckit@0.4.0", "", {}, "sha512-Oei9OH4tRh0YqU3GxhX79dM/mwVgvbZJaSNaRk+bshkj0S5cfHcgYakreBjrHwatXKbz+IoIdYLxrKim2MjW0Q=="],

    "balanced-match": ["balanced-match@1.0.2", "", {}, "sha512-3oSeUO0TMV67hN1AmbXsK4yaqU7tjiHlbxRDZOpH0KW9+CeX4bRAaX0Anxt0tx2MrpRpWwQaPwIlISEJhYU5Pw=="],

    "barely-a-dev-server": ["barely-a-dev-server@0.7.1", "", { "peerDependencies": { "esbuild": "^0.25.0" } }, "sha512-RiDzA8fH1a4iqchsbq/5Mrt8ScfJm/33RV+GUzNWPvQiVGNJRQFCC3e68L8PXsVw5gKKL5sVAnA/20XIMAY32Q=="],

    "boxen": ["boxen@7.0.0", "", { "dependencies": { "ansi-align": "^3.0.1", "camelcase": "^7.0.0", "chalk": "^5.0.1", "cli-boxes": "^3.0.0", "string-width": "^5.1.2", "type-fest": "^2.13.0", "widest-line": "^4.0.1", "wrap-ansi": "^8.0.1" } }, "sha512-j//dBVuyacJbvW+tvZ9HuH03fZ46QcaKvvhZickZqtB271DxJ7SNRSNxrV/dZX0085m7hISRZWbzWlJvx/rHSg=="],

    "brace-expansion": ["brace-expansion@1.1.11", "", { "dependencies": { "balanced-match": "^1.0.0", "concat-map": "0.0.1" } }, "sha512-iCuPHDFgrHX7H2vEI/5xpz07zSHB00TpugqhmYtVmMO6518mCuRMoOYFldEBl0g187ufozdaHgWKcYFb61qGiA=="],

    "bun-types": ["bun-types@1.1.32", "", { "dependencies": { "@types/node": "~20.12.8", "@types/ws": "~8.5.10" } }, "sha512-Lxgux4InO/WRjSAEy3iyDscsnDXR8+3rgNDeZYjPAizFYjUraoNuMl9PuRd9XMgFZgdyQwaUX7/QHmOw5KGFQw=="],

    "bytes": ["bytes@3.0.0", "", {}, "sha512-pMhOfFDPiv9t5jjIXkHosWmkSyQbvsgEVNkz0ERHbuLh2T/7j4Mqqpz523Fe8MVY89KC6Sh/QfS2sM+SjgFDcw=="],

    "camelcase": ["camelcase@7.0.1", "", {}, "sha512-xlx1yCK2Oc1APsPXDL2LdlNP6+uu8OCDdhOBSVT279M/S+y75O30C2VuD8T2ogdePBBl7PfPF4504tnLgX3zfw=="],

    "chalk": ["chalk@5.0.1", "", {}, "sha512-Fo07WOYGqMfCWHOzSXOt2CxDbC6skS/jO9ynEcmpANMoPrD+W1r1K6Vx7iNm+AQmETU1Xr2t+n8nzkV9t6xh3w=="],

    "chalk-template": ["chalk-template@0.4.0", "", { "dependencies": { "chalk": "^4.1.2" } }, "sha512-/ghrgmhfY8RaSdeo43hNXxpoHAtxdbskUHjPpfqUWGttFgycUhYPGx3YZBCnUCvOa7Doivn1IZec3DEGFoMgLg=="],

    "cli-boxes": ["cli-boxes@3.0.0", "", {}, "sha512-/lzGpEWL/8PfI0BmBOPRwp0c/wFNX1RdUML3jK/RcSBA9T8mZDdQpqYBKtCFTOfQbwPqWEOpjqW+Fnayc0969g=="],

    "clipboardy": ["clipboardy@3.0.0", "", { "dependencies": { "arch": "^2.2.0", "execa": "^5.1.1", "is-wsl": "^2.2.0" } }, "sha512-Su+uU5sr1jkUy1sGRpLKjKrvEOVXgSgiSInwa/qeID6aJ07yh+5NWc3h2QfjHjBnfX4LhtFcuAWKUsJ3r+fjbg=="],

    "color-convert": ["color-convert@2.0.1", "", { "dependencies": { "color-name": "~1.1.4" } }, "sha512-RRECPsj7iu/xb5oKYcsFHSppFNnsj/52OVTRKb4zP5onXwVF3zVmmToNcOfGC+CRDpfK/U584fMg38ZHCaElKQ=="],

    "color-name": ["color-name@1.1.4", "", {}, "sha512-dOy+3AuW3a2wNbZHIuMZpTcgjGuLU/uBL/ubcZF9OXbDo8ff4O8yVp5Bf0efS8uEoYo5q4Fx7dY9OgQGXgAsQA=="],

    "combined-stream": ["combined-stream@1.0.8", "", { "dependencies": { "delayed-stream": "~1.0.0" } }, "sha512-FQN4MRfuJeHf7cBbBMJFXhKSDq+2kAArBlmRBvcvFE5BB1HZKXtSFASDhdlz9zOYwxh8lDdnvmMOe/+5cdoEdg=="],

    "comlink": ["comlink@4.4.1", "", {}, "sha512-+1dlx0aY5Jo1vHy/tSsIGpSkN4tS9rZSW8FIhG0JH/crs9wwweswIo/POr451r7bZww3hFbPAKnTpimzL/mm4Q=="],

    "compressible": ["compressible@2.0.18", "", { "dependencies": { "mime-db": ">= 1.43.0 < 2" } }, "sha512-AF3r7P5dWxL8MxyITRMlORQNaOA2IkAFaTr4k7BUumjPtRpGDTZpl0Pb1XCO6JeDCBdp126Cgs9sMxqSjgYyRg=="],

    "compression": ["compression@1.7.4", "", { "dependencies": { "accepts": "~1.3.5", "bytes": "3.0.0", "compressible": "~2.0.16", "debug": "2.6.9", "on-headers": "~1.0.2", "safe-buffer": "5.1.2", "vary": "~1.1.2" } }, "sha512-jaSIDzP9pZVS4ZfQ+TzvtiWhdpFhE2RDHz8QJkpX9SIpLq88VueF5jJw6t+6CUQcAoA6t+x89MLrWAqpfDE8iQ=="],

    "concat-map": ["concat-map@0.0.1", "", {}, "sha512-/Srv4dswyQNBfohGpz9o6Yb3Gz3SrUDqBH5rTuhGR7ahtlbYKnVxw2bCFMRljaA7EXHaXZ8wsHdodFvbkhKmqg=="],

    "content-disposition": ["content-disposition@0.5.2", "", {}, "sha512-kRGRZw3bLlFISDBgwTSA1TMBFN6J6GWDeubmDE3AF+3+yXL8hTWv8r5rkLbqYXY4RjPk/EzHnClI3zQf1cFmHA=="],

    "cross-spawn": ["cross-spawn@7.0.3", "", { "dependencies": { "path-key": "^3.1.0", "shebang-command": "^2.0.0", "which": "^2.0.1" } }, "sha512-iRDPJKUPVEND7dHPO8rkbOnPpyDygcDFtWjpeWNCgy8WP2rXcxXL8TskReQl6OrB2G7+UJrags1q15Fudc7G6w=="],

    "cssstyle": ["cssstyle@4.2.1", "", { "dependencies": { "@asamuzakjp/css-color": "^2.8.2", "rrweb-cssom": "^0.8.0" } }, "sha512-9+vem03dMXG7gDmZ62uqmRiMRNtinIZ9ZyuF6BdxzfOD+FdN5hretzynkn0ReS2DO2GSw76RWHs0UmJPI2zUjw=="],

    "csv-parse": ["csv-parse@5.5.6", "", {}, "sha512-uNpm30m/AGSkLxxy7d9yRXpJQFrZzVWLFBkS+6ngPcZkw/5k3L/jjFuj7tVnEpRn+QgmiXr21nDlhCiUK4ij2A=="],

    "cubing": ["cubing@0.61.1", "", { "dependencies": { "@optique/core": "v0.9.0-dev.187", "@optique/run": "v0.9.0-dev.187", "@types/three": "^0.169.0", "@types/web-bluetooth": "^0.0.20", "comlink": "^4.4.1", "random-uint-below": "v3.3.0", "three": "^0.170.0", "type-fest": "^5.2.0" }, "bin": { "scramble": "dist/bin/scramble.js" } }, "sha512-tL+AcU1jFS65kZUkQBDCpJHR6Sz8bR+M7Rei5ziRr1YNtEL7ExRskiPAn6gyQ4mh129mbww+hRI9C3HZ5YyL6g=="],

    "data-urls": ["data-urls@5.0.0", "", { "dependencies": { "whatwg-mimetype": "^4.0.0", "whatwg-url": "^14.0.0" } }, "sha512-ZYP5VBHshaDAiVZxjbRVcFJpc+4xGgT0bK3vzy1HLN8jTO975HEbuYzZJcHoQEY5K1a0z8YayJkyVETa08eNTg=="],

    "debug": ["debug@2.6.9", "", { "dependencies": { "ms": "2.0.0" } }, "sha512-bC7ElrdJaJnPbAP+1EotYvqZsb3ecl5wi6Bfi6BJTUcNowp6cvspg0jXznRTKDjm/E7AdgFBVeAPVMNcKGsHMA=="],

    "decimal.js": ["decimal.js@10.4.3", "", {}, "sha512-VBBaLc1MgL5XpzgIP7ny5Z6Nx3UrRkIViUkPUdtl9aya5amy3De1gsUUSB1g3+3sExYNjCAsAznmukyxCb1GRA=="],

    "deep-extend": ["deep-extend@0.6.0", "", {}, "sha512-LOHxIOaPYdHlJRtCQfDIVZtfw/ufM8+rVj649RIHzcm/vGwQRXFt6OPqIFWsm2XEMrNIEtWR64sY1LEKD2vAOA=="],

    "delayed-stream": ["delayed-stream@1.0.0", "", {}, "sha512-ZySD7Nf91aLB0RxL4KGrKHBXl7Eds1DAmEdcoVawXnLD7SDhpNgtuII2aAkg7a7QS41jxPSZ17p4VdGnMHk3MQ=="],

    "eastasianwidth": ["eastasianwidth@0.2.0", "", {}, "sha512-I88TYZWc9XiYHRQ4/3c5rjjfgkjhLyW2luGIheGERbNQ6OY7yTybanSpDXZa8y7VUP9YmDcYa+eyq4ca7iLqWA=="],

    "emoji-regex": ["emoji-regex@9.2.2", "", {}, "sha512-L18DaJsXSUk2+42pv8mLs5jJT2hqFkFE4j21wOmgbUqsZ2hL72NsUU785g9RXgo3s0ZNgVl42TiHp3ZtOv/Vyg=="],

    "entities": ["entities@4.5.0", "", {}, "sha512-V0hjH4dGPh9Ao5p0MoRY6BVqtwCjhz6vI5LT8AJ55H+4g9/4vbHx1I54fS0XuclLhDHArPQCiMjDxjaL8fPxhw=="],

    "esbuild": ["esbuild@0.25.0", "", { "optionalDependencies": { "@esbuild/aix-ppc64": "0.25.0", "@esbuild/android-arm": "0.25.0", "@esbuild/android-arm64": "0.25.0", "@esbuild/android-x64": "0.25.0", "@esbuild/darwin-arm64": "0.25.0", "@esbuild/darwin-x64": "0.25.0", "@esbuild/freebsd-arm64": "0.25.0", "@esbuild/freebsd-x64": "0.25.0", "@esbuild/linux-arm": "0.25.0", "@esbuild/linux-arm64": "0.25.0", "@esbuild/linux-ia32": "0.25.0", "@esbuild/linux-loong64": "0.25.0", "@esbuild/linux-mips64el": "0.25.0", "@esbuild/linux-ppc64": "0.25.0", "@esbuild/linux-riscv64": "0.25.0", "@esbuild/linux-s390x": "0.25.0", "@esbuild/linux-x64": "0.25.0", "@esbuild/netbsd-arm64": "0.25.0", "@esbuild/netbsd-x64": "0.25.0", "@esbuild/openbsd-arm64": "0.25.0", "@esbuild/openbsd-x64": "0.25.0", "@esbuild/sunos-x64": "0.25.0", "@esbuild/win32-arm64": "0.25.0", "@esbuild/win32-ia32": "0.25.0", "@esbuild/win32-x64": "0.25.0" }, "bin": { "esbuild": "bin/esbuild" } }, "sha512-BXq5mqc8ltbaN34cDqWuYKyNhX8D/Z0J1xdtdQ8UcIIIyJyz+ZMKUt58tF3SrZ85jcfN/PZYhjR5uDQAYNVbuw=="],

    "execa": ["execa@5.1.1", "", { "dependencies": { "cross-spawn": "^7.0.3", "get-stream": "^6.0.0", "human-signals": "^2.1.0", "is-stream": "^2.0.0", "merge-stream": "^2.0.0", "npm-run-path": "^4.0.1", "onetime": "^5.1.2", "signal-exit": "^3.0.3", "strip-final-newline": "^2.0.0" } }, "sha512-8uSpZZocAZRBAPIEINJj3Lo9HyGitllczc27Eh5YYojjMFMn8yHMDMaUHE2Jqfq05D/wucwI4JGURyXt1vchyg=="],

    "fast-deep-equal": ["fast-deep-equal@3.1.3", "", {}, "sha512-f3qQ9oQy9j2AhBe/H9VC91wLmKBCCU/gDOnKNAYG5hswO7BLKj09Hc5HYNz9cGI++xlpDCIgDaitVs03ATR84Q=="],

    "fflate": ["fflate@0.8.2", "", {}, "sha512-cPJU47OaAoCbg0pBvzsgpTPhmhqI5eJjh/JIu8tPj5q+T7iLvW/JAYUqmE7KOB4R1ZyEhzBaIQpQpardBF5z8A=="],

    "form-data": ["form-data@4.0.1", "", { "dependencies": { "asynckit": "^0.4.0", "combined-stream": "^1.0.8", "mime-types": "^2.1.12" } }, "sha512-tzN8e4TX8+kkxGPK8D5u0FNmjPUjw3lwC9lSLxxoB/+GtsJG91CO8bSWy73APlgAZzZbXEYZJuxjkHH2w+Ezhw=="],

    "get-stream": ["get-stream@6.0.1", "", {}, "sha512-ts6Wi+2j3jQjqi70w5AlN8DFnkSwC+MqmxEzdEALB2qXZYV3X/b1CTfgPLGJNMeAWxdPfU8FO1ms3NUfaHCPYg=="],

    "has-flag": ["has-flag@4.0.0", "", {}, "sha512-EykJT/Q1KjTWctppgIAgfSO0tKVuZUjhgMr17kqTumMl6Afv3EISleU7qZUzoXDFTAHTDC4NOoG/ZxU3EvlMPQ=="],

    "html-encoding-sniffer": ["html-encoding-sniffer@4.0.0", "", { "dependencies": { "whatwg-encoding": "^3.1.1" } }, "sha512-Y22oTqIU4uuPgEemfz7NDJz6OeKf12Lsu+QC+s3BVpda64lTiMYCyGwg5ki4vFxkMwQdeZDl2adZoqUgdFuTgQ=="],

    "http-proxy-agent": ["http-proxy-agent@7.0.2", "", { "dependencies": { "agent-base": "^7.1.0", "debug": "^4.3.4" } }, "sha512-T1gkAiYYDWYx3V5Bmyu7HcfcvL7mUrTWiM6yOfa3PIphViJ/gFPbvidQ+veqSOHci/PxBcDabeUNCzpOODJZig=="],

    "https-proxy-agent": ["https-proxy-agent@7.0.6", "", { "dependencies": { "agent-base": "^7.1.2", "debug": "4" } }, "sha512-vK9P5/iUfdl95AI+JVyUuIcVtd4ofvtrOr3HNtM2yxC9bnMbEdp3x01OhQNnjb8IJYi38VlTE3mBXwcfvywuSw=="],

    "human-signals": ["human-signals@2.1.0", "", {}, "sha512-B4FFZ6q/T2jhhksgkbEW3HBvWIfDW85snkQgawt07S7J5QXTk6BkNV+0yAeZrM5QpMAdYlocGoljn0sJ/WQkFw=="],

    "iconv-lite": ["iconv-lite@0.6.3", "", { "dependencies": { "safer-buffer": ">= 2.1.2 < 3.0.0" } }, "sha512-4fCk79wshMdzMp2rH06qWrJE4iolqLhCUH+OiuIgU++RB0+94NlDL81atO7GX55uUKueo0txHNtvEyI6D7WdMw=="],

    "ini": ["ini@1.3.8", "", {}, "sha512-JV/yugV2uzW5iMRSiZAyDtQd+nxtUnjeLt0acNdw98kKLrvuRVyB80tsREOE7yvGVgalhZ6RNXCmEHkUKBKxew=="],

    "is-docker": ["is-docker@2.2.1", "", { "bin": { "is-docker": "cli.js" } }, "sha512-F+i2BKsFrH66iaUFc0woD8sLy8getkwTwtOBjvs56Cx4CgJDeKQeqfz8wAYiSb8JOprWhHH5p77PbmYCvvUuXQ=="],

    "is-fullwidth-code-point": ["is-fullwidth-code-point@3.0.0", "", {}, "sha512-zymm5+u+sCsSWyD9qNaejV3DFvhCKclKdizYaJUuHA83RLjb7nSuGnddCHGv0hk+KY7BMAlsWeK4Ueg6EV6XQg=="],

    "is-port-reachable": ["is-port-reachable@4.0.0", "", {}, "sha512-9UoipoxYmSk6Xy7QFgRv2HDyaysmgSG75TFQs6S+3pDM7ZhKTF/bskZV+0UlABHzKjNVhPjYCLfeZUEg1wXxig=="],

    "is-potential-custom-element-name": ["is-potential-custom-element-name@1.0.1", "", {}, "sha512-bCYeRA2rVibKZd+s2625gGnGF/t7DSqDs4dP7CrLA1m7jKWz6pps0LpYLJN8Q64HtmPKJ1hrN3nzPNKFEKOUiQ=="],

    "is-stream": ["is-stream@2.0.1", "", {}, "sha512-hFoiJiTl63nn+kstHGBtewWSKnQLpyb155KHheA1l39uvtO9nWIop1p3udqPcUd/xbF1VLMO4n7OI6p7RbngDg=="],

    "is-wsl": ["is-wsl@2.2.0", "", { "dependencies": { "is-docker": "^2.0.0" } }, "sha512-fKzAra0rGJUUBwGBgNkHZuToZcn+TtXHpeCgmkMJMMYx1sQDYaCSyjJBSCa2nH1DGm7s3n1oBnohoVTBaN7Lww=="],

    "isexe": ["isexe@2.0.0", "", {}, "sha512-RHxMLp9lnKHGHRng9QFhRCMbYAcVpn69smSGcq3f36xjgVVWThj4qqLbTLlq7Ssj8B+fIQ1EuCEGI2lKsyQeIw=="],

    "jsdom": ["jsdom@26.0.0", "", { "dependencies": { "cssstyle": "^4.2.1", "data-urls": "^5.0.0", "decimal.js": "^10.4.3", "form-data": "^4.0.1", "html-encoding-sniffer": "^4.0.0", "http-proxy-agent": "^7.0.2", "https-proxy-agent": "^7.0.6", "is-potential-custom-element-name": "^1.0.1", "nwsapi": "^2.2.16", "parse5": "^7.2.1", "rrweb-cssom": "^0.8.0", "saxes": "^6.0.0", "symbol-tree": "^3.2.4", "tough-cookie": "^5.0.0", "w3c-xmlserializer": "^5.0.0", "webidl-conversions": "^7.0.0", "whatwg-encoding": "^3.1.1", "whatwg-mimetype": "^4.0.0", "whatwg-url": "^14.1.0", "ws": "^8.18.0", "xml-name-validator": "^5.0.0" }, "peerDependencies": { "canvas": "^3.0.0" }, "optionalPeers": ["canvas"] }, "sha512-BZYDGVAIriBWTpIxYzrXjv3E/4u8+/pSG5bQdIYCbNCGOvsPkDQfTVLAIXAf9ETdCpduCVTkDe2NNZ8NIwUVzw=="],

    "json-schema-traverse": ["json-schema-traverse@1.0.0", "", {}, "sha512-NM8/P9n3XjXhIZn1lLhkFaACTOURQXjWhV4BA/RnOv8xvgqtqpAX9IO4mRQxSx1Rlo4tqzeqb0sOlruaOy3dug=="],

    "lru-cache": ["lru-cache@10.4.3", "", {}, "sha512-JNAzZcXrCt42VGLuYz0zfAzDfAvJWW6AfYlDBQyDV5DClI2m5sAmK+OIO7s59XfsRsWHp02jAJrRadPRGTt6SQ=="],

    "merge-stream": ["merge-stream@2.0.0", "", {}, "sha512-abv/qOcuPfk3URPfDzmZU1LKmuw8kT+0nIHvKrKgFrwifol/doWcdA4ZqsWQ8ENrFKkd67Mfpo/LovbIUsbt3w=="],

    "meshoptimizer": ["meshoptimizer@0.18.1", "", {}, "sha512-ZhoIoL7TNV4s5B6+rx5mC//fw8/POGyNxS/DZyCJeiZ12ScLfVwRE/GfsxwiTkMYYD5DmK2/JXnEVXqL4rF+Sw=="],

    "mime-db": ["mime-db@1.53.0", "", {}, "sha512-oHlN/w+3MQ3rba9rqFr6V/ypF10LSkdwUysQL7GkXoTgIWeV+tcXGA852TBxH+gsh8UWoyhR1hKcoMJTuWflpg=="],

    "mime-types": ["mime-types@2.1.18", "", { "dependencies": { "mime-db": "~1.33.0" } }, "sha512-lc/aahn+t4/SWV/qcmumYjymLsWfN3ELhpmVuUFjgsORruuZPVSwAQryq+HHGvO/SI2KVX26bx+En+zhM8g8hQ=="],

    "mimic-fn": ["mimic-fn@2.1.0", "", {}, "sha512-OqbOk5oEQeAZ8WXWydlu9HJjz9WVdEIvamMCcXmuqUYjTknH/sqsWvhQ3vgwKFRR1HpjvNBKQ37nbJgYzGqGcg=="],

    "minimatch": ["minimatch@3.1.2", "", { "dependencies": { "brace-expansion": "^1.1.7" } }, "sha512-J7p63hRiAjw1NDEww1W7i37+ByIrOWO5XQQAzZ3VOcL0PNybwpfmV/N05zFAzwQ9USyEcX6t3UO+K5aqBQOIHw=="],

    "minimist": ["minimist@1.2.8", "", {}, "sha512-2yyAR8qBkN3YuheJanUpWC5U3bb5osDywNB8RzDVlDwDHbocAJveqqj1u8+SVD7jkWT4yvsHCpWqqWqAxb0zCA=="],

    "ms": ["ms@2.0.0", "", {}, "sha512-Tpp60P6IUJDTuOq/5Z8cdskzJujfwqfOTkrwIwj7IRISpnkJnT6SyJ4PCPnGMoFjC9ddhal5KVIYtAt97ix05A=="],

    "negotiator": ["negotiator@0.6.3", "", {}, "sha512-+EUsqGPLsM+j/zdChZjsnX51g4XrHFOIXwfnCVPGlQk/k5giakcKsuxCObBRu6DSm9opw/O6slWbJdghQM4bBg=="],

    "npm-run-path": ["npm-run-path@4.0.1", "", { "dependencies": { "path-key": "^3.0.0" } }, "sha512-S48WzZW777zhNIrn7gxOlISNAqi9ZC/uQFnRdbeIHhZhCA6UqpkOT8T1G7BvfdgP4Er8gF4sUbaS0i7QvIfCWw=="],

    "nwsapi": ["nwsapi@2.2.16", "", {}, "sha512-F1I/bimDpj3ncaNDhfyMWuFqmQDBwDB0Fogc2qpL3BWvkQteFD/8BzWuIRl83rq0DXfm8SGt/HFhLXZyljTXcQ=="],

    "on-headers": ["on-headers@1.0.2", "", {}, "sha512-pZAE+FJLoyITytdqK0U5s+FIpjN0JP3OzFi/u8Rx+EV5/W+JTWGXG8xFzevE7AjBfDqHv/8vL8qQsIhHnqRkrA=="],

    "onetime": ["onetime@5.1.2", "", { "dependencies": { "mimic-fn": "^2.1.0" } }, "sha512-kbpaSSGJTWdAY5KPVeMOKXSrPtr8C8C7wodJbcsd51jRnmD+GZu8Y0VoU6Dm5Z4vWr0Ig/1NKuWRKf7j5aaYSg=="],

    "parse5": ["parse5@7.2.1", "", { "dependencies": { "entities": "^4.5.0" } }, "sha512-BuBYQYlv1ckiPdQi/ohiivi9Sagc9JG+Ozs0r7b/0iK3sKmrb0b9FdWdBbOdx6hBCM/F9Ir82ofnBhtZOjCRPQ=="],

    "path-is-inside": ["path-is-inside@1.0.2", "", {}, "sha512-DUWJr3+ULp4zXmol/SZkFf3JGsS9/SIv+Y3Rt93/UjPpDpklB5f1er4O3POIbUuUJ3FXgqte2Q7SrU6zAqwk8w=="],

    "path-key": ["path-key@3.1.1", "", {}, "sha512-ojmeN0qd+y0jszEtoY48r0Peq5dwMEkIlCOu6Q5f41lfkswXuKtYrhgoTpLnyIcHm24Uhqx+5Tqm2InSwLhE6Q=="],

    "path-to-regexp": ["path-to-regexp@3.3.0", "", {}, "sha512-qyCH421YQPS2WFDxDjftfc1ZR5WKQzVzqsp4n9M2kQhVOo/ByahFoUNJfl58kOcEGfQ//7weFTDhm+ss8Ecxgw=="],

    "punycode": ["punycode@2.3.1", "", {}, "sha512-vYt7UD1U9Wg6138shLtLOvdAu+8DsC/ilFtEVHcH+wydcSpNE20AfSOduf6MkRFahL5FY7X1oU7nKVZFtfq8Fg=="],

    "random-uint-below": ["random-uint-below@3.3.0", "", {}, "sha512-5x3lft1bn5gev9qA9iVFcmd0+t10j3eDl/QKB56T/3v/bdrM7WsfO2D0rb1JYcQdkcV0/Bs5iydgQmkTE6rczA=="],

    "range-parser": ["range-parser@1.2.0", "", {}, "sha512-kA5WQoNVo4t9lNx2kQNFCxKeBl5IbbSNBl1M/tLkw9WCn+hxNBAW5Qh8gdhs63CJnhjJ2zQWFoqPJP2sK1AV5A=="],

    "rc": ["rc@1.2.8", "", { "dependencies": { "deep-extend": "^0.6.0", "ini": "~1.3.0", "minimist": "^1.2.0", "strip-json-comments": "~2.0.1" }, "bin": { "rc": "./cli.js" } }, "sha512-y3bGgqKj3QBdxLbLkomlohkvsA8gdAiUQlSBJnBhfn+BPxg4bc62d8TcBW15wavDfgexCgccckhcZvywyQYPOw=="],

    "registry-auth-token": ["registry-auth-token@3.3.2", "", { "dependencies": { "rc": "^1.1.6", "safe-buffer": "^5.0.1" } }, "sha512-JL39c60XlzCVgNrO+qq68FoNb56w/m7JYvGR2jT5iR1xBrUA3Mfx5Twk5rqTThPmQKMWydGmq8oFtDlxfrmxnQ=="],

    "registry-url": ["registry-url@3.1.0", "", { "dependencies": { "rc": "^1.0.1" } }, "sha512-ZbgR5aZEdf4UKZVBPYIgaglBmSF2Hi94s2PcIHhRGFjKYu+chjJdYfHn4rt3hB6eCKLJ8giVIIfgMa1ehDfZKA=="],

    "require-from-string": ["require-from-string@2.0.2", "", {}, "sha512-Xf0nWe6RseziFMu+Ap9biiUbmplq6S9/p+7w7YXP/JBHhrUDDUhwa+vANyubuqfZWTveU//DYVGsDG7RKL/vEw=="],

    "rrweb-cssom": ["rrweb-cssom@0.8.0", "", {}, "sha512-guoltQEx+9aMf2gDZ0s62EcV8lsXR+0w8915TC3ITdn2YueuNjdAYh/levpU9nFaoChh9RUS5ZdQMrKfVEN9tw=="],

    "safe-buffer": ["safe-buffer@5.1.2", "", {}, "sha512-Gd2UZBJDkXlY7GbJxfsE8/nvKkUEU1G38c1siN6QP6a9PT9MmHB8GnpscSmMJSoF8LOIrt8ud/wPtojys4G6+g=="],

    "safer-buffer": ["safer-buffer@2.1.2", "", {}, "sha512-YZo3K82SD7Riyi0E1EQPojLz7kpepnSQI9IyPbHHg1XXXevb5dJI7tpyN2ADxGcQbHG7vcyRHk0cbwqcQriUtg=="],

    "saxes": ["saxes@6.0.0", "", { "dependencies": { "xmlchars": "^2.2.0" } }, "sha512-xAg7SOnEhrm5zI3puOOKyy1OMcMlIJZYNJY7xLBwSze0UjhPLnWfj2GF2EpT0jmzaJKIWKHLsaSSajf35bcYnA=="],

    "serve": ["serve@14.2.4", "", { "dependencies": { "@zeit/schemas": "2.36.0", "ajv": "8.12.0", "arg": "5.0.2", "boxen": "7.0.0", "chalk": "5.0.1", "chalk-template": "0.4.0", "clipboardy": "3.0.0", "compression": "1.7.4", "is-port-reachable": "4.0.0", "serve-handler": "6.1.6", "update-check": "1.5.4" }, "bin": { "serve": "build/main.js" } }, "sha512-qy1S34PJ/fcY8gjVGszDB3EXiPSk5FKhUa7tQe0UPRddxRidc2V6cNHPNewbE1D7MAkgLuWEt3Vw56vYy73tzQ=="],

    "serve-handler": ["serve-handler@6.1.6", "", { "dependencies": { "bytes": "3.0.0", "content-disposition": "0.5.2", "mime-types": "2.1.18", "minimatch": "3.1.2", "path-is-inside": "1.0.2", "path-to-regexp": "3.3.0", "range-parser": "1.2.0" } }, "sha512-x5RL9Y2p5+Sh3D38Fh9i/iQ5ZK+e4xuXRd/pGbM4D13tgo/MGwbttUk8emytcr1YYzBYs+apnUngBDFYfpjPuQ=="],

    "shebang-command": ["shebang-command@2.0.0", "", { "dependencies": { "shebang-regex": "^3.0.0" } }, "sha512-kHxr2zZpYtdmrN1qDjrrX/Z1rR1kG8Dx+gkpK1G4eXmvXswmcE1hTWBWYUzlraYw1/yZp6YuDY77YtvbN0dmDA=="],

    "shebang-regex": ["shebang-regex@3.0.0", "", {}, "sha512-7++dFhtcx3353uBaq8DDR4NuxBetBzC7ZQOhmTQInHEd6bSrXdiEyzCvG07Z44UYdLShWUyXt5M/yhz8ekcb1A=="],

    "signal-exit": ["signal-exit@3.0.7", "", {}, "sha512-wnD2ZE+l+SPC/uoS0vXeE9L1+0wuaMqKlfz9AMUo38JsyLSBWSFcHR1Rri62LZc12vLr1gb3jl7iwQhgwpAbGQ=="],

    "string-width": ["string-width@5.1.2", "", { "dependencies": { "eastasianwidth": "^0.2.0", "emoji-regex": "^9.2.2", "strip-ansi": "^7.0.1" } }, "sha512-HnLOCR3vjcY8beoNLtcjZ5/nxn2afmME6lhrDrebokqMap+XbeW8n9TXpPDOqdGK5qcI3oT0GKTW6wC7EMiVqA=="],

    "strip-ansi": ["strip-ansi@7.1.0", "", { "dependencies": { "ansi-regex": "^6.0.1" } }, "sha512-iq6eVVI64nQQTRYq2KtEg2d2uU7LElhTJwsH4YzIHZshxlgZms/wIc4VoDQTlG/IvVIrBKG06CrZnp0qv7hkcQ=="],

    "strip-final-newline": ["strip-final-newline@2.0.0", "", {}, "sha512-BrpvfNAE3dcvq7ll3xVumzjKjZQ5tI1sEUIKr3Uoks0XUl45St3FlatVqef9prk4jRDzhW6WZg+3bk93y6pLjA=="],

    "strip-json-comments": ["strip-json-comments@2.0.1", "", {}, "sha512-4gB8na07fecVVkOI6Rs4e7T6NOTki5EmL7TUduTs6bu3EdnSycntVJ4re8kgZA+wx9IueI2Y11bfbgwtzuE0KQ=="],

    "supports-color": ["supports-color@7.2.0", "", { "dependencies": { "has-flag": "^4.0.0" } }, "sha512-qpCAvRl9stuOHveKsn7HncJRvv501qIacKzQlO/+Lwxc9+0q2wLyv4Dfvt80/DPn2pqOBsJdDiogXGR9+OvwRw=="],

    "symbol-tree": ["symbol-tree@3.2.4", "", {}, "sha512-9QNk5KwDF+Bvz+PyObkmSYjI5ksVUYtjW7AU22r2NKcfLJcXp96hkDWU3+XndOsUb+AQ9QhfzfCT2O+CNWT5Tw=="],

    "tagged-tag": ["tagged-tag@1.0.0", "", {}, "sha512-yEFYrVhod+hdNyx7g5Bnkkb0G6si8HJurOoOEgC8B/O0uXLHlaey/65KRv6cuWBNhBgHKAROVpc7QyYqE5gFng=="],

    "three": ["three@0.170.0", "", {}, "sha512-FQK+LEpYc0fBD+J8g6oSEyyNzjp+Q7Ks1C568WWaoMRLW+TkNNWmenWeGgJjV105Gd+p/2ql1ZcjYvNiPZBhuQ=="],

    "tldts": ["tldts@6.1.72", "", { "dependencies": { "tldts-core": "^6.1.72" }, "bin": { "tldts": "bin/cli.js" } }, "sha512-QNtgIqSUb9o2CoUjX9T5TwaIvUUJFU1+12PJkgt42DFV2yf9J6549yTF2uGloQsJ/JOC8X+gIB81ind97hRiIQ=="],

    "tldts-core": ["tldts-core@6.1.72", "", {}, "sha512-FW3H9aCaGTJ8l8RVCR3EX8GxsxDbQXuwetwwgXA2chYdsX+NY1ytCBl61narjjehWmCw92tc1AxlcY3668CU8g=="],

    "tough-cookie": ["tough-cookie@5.1.0", "", { "dependencies": { "tldts": "^6.1.32" } }, "sha512-rvZUv+7MoBYTiDmFPBrhL7Ujx9Sk+q9wwm22x8c8T5IJaR+Wsyc7TNxbVxo84kZoRJZZMazowFLqpankBEQrGg=="],

    "tr46": ["tr46@5.0.0", "", { "dependencies": { "punycode": "^2.3.1" } }, "sha512-tk2G5R2KRwBd+ZN0zaEXpmzdKyOYksXwywulIX95MBODjSzMIuQnQ3m8JxgbhnL1LeVo7lqQKsYa1O3Htl7K5g=="],

    "type-fest": ["type-fest@5.3.1", "", { "dependencies": { "tagged-tag": "^1.0.0" } }, "sha512-VCn+LMHbd4t6sF3wfU/+HKT63C9OoyrSIf4b+vtWHpt2U7/4InZG467YDNMFMR70DdHjAdpPWmw2lzRdg0Xqqg=="],

    "typescript": ["typescript@5.6.3", "", { "bin": { "tsc": "bin/tsc", "tsserver": "bin/tsserver" } }, "sha512-hjcS1mhfuyi4WW8IWtjP7brDrG2cuDZukyrYrSauoXGNgx0S7zceP07adYkJycEr56BOUTNPzbInooiN3fn1qw=="],

    "undici-types": ["undici-types@5.26.5", "", {}, "sha512-JlCMO+ehdEIKqlFxk6IfVoAUVmgz7cU7zD/h9XZ0qzeosSHmUJVOzSQvvYSYWXkFXC+IfLKSIffhv0sVZup6pA=="],

    "update-check": ["update-check@1.5.4", "", { "dependencies": { "registry-auth-token": "3.3.2", "registry-url": "3.1.0" } }, "sha512-5YHsflzHP4t1G+8WGPlvKbJEbAJGCgw+Em+dGR1KmBUbr1J36SJBqlHLjR7oob7sco5hWHGQVcr9B2poIVDDTQ=="],

    "uri-js": ["uri-js@4.4.1", "", { "dependencies": { "punycode": "^2.1.0" } }, "sha512-7rKUyy33Q1yc98pQ1DAmLtwX109F7TIfWlW1Ydo8Wl1ii1SeHieeh0HHfPeL2fMXK6z0s8ecKs9frCuLJvndBg=="],

    "vary": ["vary@1.1.2", "", {}, "sha512-BNGbWLfd0eUPabhkXUVm0j8uuvREyTh5ovRa/dyow/BqAbZJyC+5fU+IzQOzmAKzYqYRAISoRhdQr3eIZ/PXqg=="],

    "w3c-xmlserializer": ["w3c-xmlserializer@5.0.0", "", { "dependencies": { "xml-name-validator": "^5.0.0" } }, "sha512-o8qghlI8NZHU1lLPrpi2+Uq7abh4GGPpYANlalzWxyWteJOCsr/P+oPBA49TOLu5FTZO4d3F9MnWJfiMo4BkmA=="],

    "webidl-conversions": ["webidl-conversions@7.0.0", "", {}, "sha512-VwddBukDzu71offAQR975unBIGqfKZpM+8ZX6ySk8nYhVoo5CYaZyzt3YBvYtRtO+aoGlqxPg/B87NGVZ/fu6g=="],

    "whatwg-encoding": ["whatwg-encoding@3.1.1", "", { "dependencies": { "iconv-lite": "0.6.3" } }, "sha512-6qN4hJdMwfYBtE3YBTTHhoeuUrDBPZmbQaxWAqSALV/MeEnR5z1xd8UKud2RAkFoPkmB+hli1TZSnyi84xz1vQ=="],

    "whatwg-mimetype": ["whatwg-mimetype@4.0.0", "", {}, "sha512-QaKxh0eNIi2mE9p2vEdzfagOKHCcj1pJ56EEHGQOVxp8r9/iszLUUV7v89x9O1p/T+NlTM5W7jW6+cz4Fq1YVg=="],

    "whatwg-url": ["whatwg-url@14.1.0", "", { "dependencies": { "tr46": "^5.0.0", "webidl-conversions": "^7.0.0" } }, "sha512-jlf/foYIKywAt3x/XWKZ/3rz8OSJPiWktjmk891alJUEjiVxKX9LEO92qH3hv4aJ0mN3MWPvGMCy8jQi95xK4w=="],

    "which": ["which@2.0.2", "", { "dependencies": { "isexe": "^2.0.0" }, "bin": { "node-which": "./bin/node-which" } }, "sha512-BLI3Tl1TW3Pvl70l3yq3Y64i+awpwXqsGBYWkkqMtnbXgrMD+yj7rhW0kuEDxzJaYXGjEW5ogapKNMEKNMjibA=="],

    "widest-line": ["widest-line@4.0.1", "", { "dependencies": { "string-width": "^5.0.1" } }, "sha512-o0cyEG0e8GPzT4iGHphIOh0cJOV8fivsXxddQasHPHfoZf1ZexrfeA21w2NaEN1RHE+fXlfISmOE8R9N3u3Qig=="],

    "wrap-ansi": ["wrap-ansi@8.1.0", "", { "dependencies": { "ansi-styles": "^6.1.0", "string-width": "^5.0.1", "strip-ansi": "^7.0.1" } }, "sha512-si7QWI6zUMq56bESFvagtmzMdGOtoxfR+Sez11Mobfc7tm+VkUckk9bW2UeffTGVUbOksxmSw0AA2gs8g71NCQ=="],

    "ws": ["ws@8.18.0", "", { "peerDependencies": { "bufferutil": "^4.0.1", "utf-8-validate": ">=5.0.2" }, "optionalPeers": ["bufferutil", "utf-8-validate"] }, "sha512-8VbfWfHLbbwu3+N6OKsOMpBdT4kXPDDB9cJk2bJ6mh9ucxdlnNvH1e+roYkKmN9Nxw2yjz7VzeO9oOz2zJ04Pw=="],

    "xml-name-validator": ["xml-name-validator@5.0.0", "", {}, "sha512-EvGK8EJ3DhaHfbRlETOWAS5pO9MZITeauHKJyb8wyajUfQUenkIg2MvLDTZ4T/TgIcm3HU0TFBgWWboAZ30UHg=="],

    "xmlchars": ["xmlchars@2.2.0", "", {}, "sha512-JZnDKK8B0RCDw84FNdDAIpZK+JuJw+s7Lz8nksI7SIuU3UXJJslUthsi+uWBUYOwPFwW7W7PRLRfUKpxjtjFCw=="],

    "accepts/mime-types": ["mime-types@2.1.35", "", { "dependencies": { "mime-db": "1.52.0" } }, "sha512-ZDY+bPm5zTTF+YpCrAU9nK0UgICYPT0QtT1NZWFv4s++TNkcgVaT0g6+4R2uI4MjQjzysHB1zxuWL50hzaeXiw=="],

    "ansi-align/string-width": ["string-width@4.2.3", "", { "dependencies": { "emoji-regex": "^8.0.0", "is-fullwidth-code-point": "^3.0.0", "strip-ansi": "^6.0.1" } }, "sha512-wKyQRQpjJ0sIp62ErSZdGsjMJWsap5oRNihHhu6G7JVO/9jIB6UyevL+tXuOqrng8j/cxKTWyWUwvSTriiZz/g=="],

    "boxen/type-fest": ["type-fest@2.19.0", "", {}, "sha512-RAH822pAdBgcNMAfWnCBU3CFZcfZ/i1eZjwFU/dsLKumyuuP3niueg2UAukXYF0E2AAoc82ZSSf9J0WQBinzHA=="],

    "chalk-template/chalk": ["chalk@4.1.2", "", { "dependencies": { "ansi-styles": "^4.1.0", "supports-color": "^7.1.0" } }, "sha512-oKnbhFyRIXpUuez8iBMmyEa4nbj4IOQyuhc/wy9kY7/WVPcwIO9VA668Pu8RkO7+0G76SLROeyw9CpQ061i4mA=="],

    "form-data/mime-types": ["mime-types@2.1.35", "", { "dependencies": { "mime-db": "1.52.0" } }, "sha512-ZDY+bPm5zTTF+YpCrAU9nK0UgICYPT0QtT1NZWFv4s++TNkcgVaT0g6+4R2uI4MjQjzysHB1zxuWL50hzaeXiw=="],

    "http-proxy-agent/debug": ["debug@4.4.0", "", { "dependencies": { "ms": "^2.1.3" } }, "sha512-6WTZ/IxCY/T6BALoZHaE4ctp9xm+Z5kY/pzYaCHRFeyVhojxlrm+46y68HA6hr0TcwEssoxNiDEUJQjfPZ/RYA=="],

    "https-proxy-agent/debug": ["debug@4.4.0", "", { "dependencies": { "ms": "^2.1.3" } }, "sha512-6WTZ/IxCY/T6BALoZHaE4ctp9xm+Z5kY/pzYaCHRFeyVhojxlrm+46y68HA6hr0TcwEssoxNiDEUJQjfPZ/RYA=="],

    "mime-types/mime-db": ["mime-db@1.33.0", "", {}, "sha512-BHJ/EKruNIqJf/QahvxwQZXKygOQ256myeN/Ew+THcAa5q+PjyTTMMeNQC4DZw5AwfvelsUrA6B67NKMqXDbzQ=="],

    "accepts/mime-types/mime-db": ["mime-db@1.52.0", "", {}, "sha512-sPU4uV7dYlvtWJxwwxHD0PuihVNiE7TyAbQ5SWxDCB9mUYvOgroQOwYQQOKPJ8CIbE+1ETVlOoK1UC2nU3gYvg=="],

    "ansi-align/string-width/emoji-regex": ["emoji-regex@8.0.0", "", {}, "sha512-MSjYzcWNOA0ewAHpz0MxpYFvwg6yjy1NG3xteoqz644VCo/RPgnr1/GGt+ic3iJTzQ8Eu3TdM14SawnVUmGE6A=="],

    "ansi-align/string-width/strip-ansi": ["strip-ansi@6.0.1", "", { "dependencies": { "ansi-regex": "^5.0.1" } }, "sha512-Y38VPSHcqkFrCpFnQ9vuSXmquuv5oXOKpGeT6aGrr3o3Gc9AlVa6JBfUSOCnbxGGZF+/0ooI7KrPuUSztUdU5A=="],

    "chalk-template/chalk/ansi-styles": ["ansi-styles@4.3.0", "", { "dependencies": { "color-convert": "^2.0.1" } }, "sha512-zbB9rCJAT1rbjiVDb2hqKFHNYLxgtk8NURxZ3IZwD3F6NtxbXZQCnnSi1Lkx+IDohdPlFp222wVALIheZJQSEg=="],

    "form-data/mime-types/mime-db": ["mime-db@1.52.0", "", {}, "sha512-sPU4uV7dYlvtWJxwwxHD0PuihVNiE7TyAbQ5SWxDCB9mUYvOgroQOwYQQOKPJ8CIbE+1ETVlOoK1UC2nU3gYvg=="],

    "http-proxy-agent/debug/ms": ["ms@2.1.3", "", {}, "sha512-6FlzubTLZG3J2a/NVCAleEhjzq5oxgHyaCU9yYXvcLsvoVaHJq/s5xXI6/XXP6tz7R9xAOtHnSO/tXtF3WRTlA=="],

    "https-proxy-agent/debug/ms": ["ms@2.1.3", "", {}, "sha512-6FlzubTLZG3J2a/NVCAleEhjzq5oxgHyaCU9yYXvcLsvoVaHJq/s5xXI6/XXP6tz7R9xAOtHnSO/tXtF3WRTlA=="],

    "ansi-align/string-width/strip-ansi/ansi-regex": ["ansi-regex@5.0.1", "", {}, "sha512-quJQXlTSUGL2LH9SUXo8VwsY4soanhgo6LNSm84E1LBcE8s3O0wpdiRzyR9z/ZZJMlMWv37qOOb9pdJlMUEKFQ=="],
  }
}
